
Microsoft Visual Studio Solution File, Format Version 12.00
# Visual Studio Version 17
VisualStudioVersion = 17.8.34525.116
MinimumVisualStudioVersion = 10.0.40219.1
Project("{9A19103F-16F7-4668-BE54-9A1E7A4F7556}") = "LandArchTools", "LandArchTools\LandArchTools.csproj", "{77FCEFA3-28FB-4876-A871-06BC4C96B20B}"
EndProject
Global
	GlobalSection(SolutionConfigurationPlatforms) = preSolution
		Debug|Any CPU = Debug|Any CPU
		Release|Any CPU = Release|Any CPU
	EndGlobalSection
	GlobalSection(ProjectConfigurationPlatforms) = postSolution
		{77FCEFA3-28FB-4876-A871-06BC4C96B20B}.Debug|Any CPU.ActiveCfg = Debug|Any CPU
		{77FCEFA3-28FB-4876-A871-06BC4C96B20B}.Debug|Any CPU.Build.0 = Debug|Any CPU
		{77FCEFA3-28FB-4876-A871-06BC4C96B20B}.Release|Any CPU.ActiveCfg = Release|Any CPU
		{77FCEFA3-28FB-4876-A871-06BC4C96B20B}.Release|Any CPU.Build.0 = Release|Any CPU
	EndGlobalSection
	GlobalSection(SolutionProperties) = preSolution
		HideSolutionNode = FALSE
	EndGlobalSection
	GlobalSection(ExtensibilityGlobals) = postSolution
		SolutionGuid = {4272073D-543A-483F-98C0-E99B09128E0D}
	EndGlobalSection
EndGlobal
